
Microsoft Visual Studio Solution File, Format Version 12.00
# Visual Studio Version 17
VisualStudioVersion = 17.8.34525.116
MinimumVisualStudioVersion = 10.0.40219.1
Project("{FAE04EC0-301F-11D3-BF4B-00C04F79EFBC}") = "MusicApp", "MusicApp.csproj", "{8520CCF2-39AC-4543-97B2-5DD7DDFE7525}"
EndProject
Global
	GlobalSection(SolutionConfigurationPlatforms) = preSolution
		Debug|Any CPU = Debug|Any CPU
		Release|Any CPU = Release|Any CPU
	EndGlobalSection
	GlobalSection(ProjectConfigurationPlatforms) = postSolution
		{8520CCF2-39AC-4543-97B2-5DD7DDFE7525}.Debug|Any CPU.ActiveCfg = Debug|Any CPU
		{8520CCF2-39AC-4543-97B2-5DD7DDFE7525}.Debug|Any CPU.Build.0 = Debug|Any CPU
		{8520CCF2-39AC-4543-97B2-5DD7DDFE7525}.Release|Any CPU.ActiveCfg = Release|Any CPU
		{8520CCF2-39AC-4543-97B2-5DD7DDFE7525}.Release|Any CPU.Build.0 = Release|Any CPU
	EndGlobalSection
	GlobalSection(SolutionProperties) = preSolution
		HideSolutionNode = FALSE
	EndGlobalSection
	GlobalSection(ExtensibilityGlobals) = postSolution
		SolutionGuid = {1804374F-2BE7-40A0-B4DB-15386E21C277}
	EndGlobalSection
EndGlobal
